
Microsoft Visual Studio Solution File, Format Version 12.00
# Visual Studio 15
VisualStudioVersion = 15.0.27130.2003
MinimumVisualStudioVersion = 10.0.40219.1
Project("{888888A0-9F3D-457C-B088-3A5042F75D52}") = "FlaskBarebones", "FlaskBarebones\FlaskBarebones.pyproj", "{5E047A4B-EABC-49EE-8A35-FAD8AE792B38}"
EndProject
Global
	GlobalSection(SolutionConfigurationPlatforms) = preSolution
		Debug|Any CPU = Debug|Any CPU
		Release|Any CPU = Release|Any CPU
	EndGlobalSection
	GlobalSection(ProjectConfigurationPlatforms) = postSolution
		{5E047A4B-EABC-49EE-8A35-FAD8AE792B38}.Debug|Any CPU.ActiveCfg = Debug|Any CPU
		{5E047A4B-EABC-49EE-8A35-FAD8AE792B38}.Release|Any CPU.ActiveCfg = Release|Any CPU
	EndGlobalSection
	GlobalSection(SolutionProperties) = preSolution
		HideSolutionNode = FALSE
	EndGlobalSection
	GlobalSection(ExtensibilityGlobals) = postSolution
		SolutionGuid = {0F3F3739-8C84-4FB0-91E7-4F68F74481AE}
	EndGlobalSection
EndGlobal
