
Microsoft Visual Studio Solution File, Format Version 12.00
# Visual Studio 15
VisualStudioVersion = 15.0.27130.2003
MinimumVisualStudioVersion = 10.0.40219.1
Project("{888888A0-9F3D-457C-B088-3A5042F75D52}") = "FlaskAndConnexion", "FlaskAndConnexion\FlaskAndConnexion.pyproj", "{E14D1634-5252-481A-88EE-A9D9489F2401}"
EndProject
Global
	GlobalSection(SolutionConfigurationPlatforms) = preSolution
		Debug|Any CPU = Debug|Any CPU
		Release|Any CPU = Release|Any CPU
	EndGlobalSection
	GlobalSection(ProjectConfigurationPlatforms) = postSolution
		{E14D1634-5252-481A-88EE-A9D9489F2401}.Debug|Any CPU.ActiveCfg = Debug|Any CPU
		{E14D1634-5252-481A-88EE-A9D9489F2401}.Release|Any CPU.ActiveCfg = Release|Any CPU
	EndGlobalSection
	GlobalSection(SolutionProperties) = preSolution
		HideSolutionNode = FALSE
	EndGlobalSection
	GlobalSection(ExtensibilityGlobals) = postSolution
		SolutionGuid = {257BE0E8-869A-49B1-BD02-B77290A3F84C}
	EndGlobalSection
EndGlobal
