
Microsoft Visual Studio Solution File, Format Version 12.00
# Visual Studio 15
VisualStudioVersion = 15.0.27130.2003
MinimumVisualStudioVersion = 10.0.40219.1
Project("{888888A0-9F3D-457C-B088-3A5042F75D52}") = "FlaskReactDockerExample", "FlaskReactDockerExample\FlaskReactDockerExample.pyproj", "{7849772E-4E62-4EE5-9738-21D85FF54292}"
EndProject
Global
	GlobalSection(SolutionConfigurationPlatforms) = preSolution
		Debug|Any CPU = Debug|Any CPU
		Release|Any CPU = Release|Any CPU
	EndGlobalSection
	GlobalSection(ProjectConfigurationPlatforms) = postSolution
		{7849772E-4E62-4EE5-9738-21D85FF54292}.Debug|Any CPU.ActiveCfg = Debug|Any CPU
		{7849772E-4E62-4EE5-9738-21D85FF54292}.Release|Any CPU.ActiveCfg = Release|Any CPU
	EndGlobalSection
	GlobalSection(SolutionProperties) = preSolution
		HideSolutionNode = FALSE
	EndGlobalSection
	GlobalSection(ExtensibilityGlobals) = postSolution
		SolutionGuid = {B5FF7399-52EF-4278-A4D0-98C5B3A22901}
	EndGlobalSection
EndGlobal
